{
  "version": "5",
  "specifiers": {
    "npm:zx@^8.8.1": "8.8.1"
  },
  "npm": {
    "zx@8.8.1": {
      "integrity": "sha512-qvsKBnvWHstHKCluKPlEgI/D3+mdiQyMoSSeFR8IX/aXzWIas5A297KxKgPJhuPXdrR6ma0Jzx43+GQ/8sqbrw==",
      "bin": true
    }
  },
  "workspace": {
    "dependencies": [
      "npm:zx@^8.8.1"
    ]
  }
}
